
Microsoft Visual Studio Solution File, Format Version 12.00
# Visual Studio 14
VisualStudioVersion = 14.0.25420.1
MinimumVisualStudioVersion = 10.0.40219.1
Project("{2150E333-8FDC-42A3-9474-1A3956D46DE8}") = "src", "src", "{AC3D0764-9746-4E53-BFCA-7546B92FC134}"
EndProject
Project("{2150E333-8FDC-42A3-9474-1A3956D46DE8}") = "Solution Items", "Solution Items", "{B8398BA2-B790-4CD7-B4FB-FC41B5CCDBB9}"
	ProjectSection(SolutionItems) = preProject
		global.json = global.json
	EndProjectSection
EndProject
Project("{8BB2217D-0F2D-49D1-97BC-3654ED321F3B}") = "PlayerRatings", "src\PlayerRatings\PlayerRatings.xproj", "{BEE824C7-3201-47C1-A4D9-2DADD2DC6535}"
EndProject
Global
	GlobalSection(SolutionConfigurationPlatforms) = preSolution
		Debug|Any CPU = Debug|Any CPU
		Release|Any CPU = Release|Any CPU
	EndGlobalSection
	GlobalSection(ProjectConfigurationPlatforms) = postSolution
		{BEE824C7-3201-47C1-A4D9-2DADD2DC6535}.Debug|Any CPU.ActiveCfg = Debug|Any CPU
		{BEE824C7-3201-47C1-A4D9-2DADD2DC6535}.Debug|Any CPU.Build.0 = Debug|Any CPU
		{BEE824C7-3201-47C1-A4D9-2DADD2DC6535}.Release|Any CPU.ActiveCfg = Release|Any CPU
		{BEE824C7-3201-47C1-A4D9-2DADD2DC6535}.Release|Any CPU.Build.0 = Release|Any CPU
	EndGlobalSection
	GlobalSection(SolutionProperties) = preSolution
		HideSolutionNode = FALSE
	EndGlobalSection
	GlobalSection(NestedProjects) = preSolution
		{BEE824C7-3201-47C1-A4D9-2DADD2DC6535} = {AC3D0764-9746-4E53-BFCA-7546B92FC134}
	EndGlobalSection
EndGlobal
